
Microsoft Visual Studio Solution File, Format Version 12.00
# Visual Studio Version 16
VisualStudioVersion = 16.0.31205.134
MinimumVisualStudioVersion = 10.0.40219.1
Project("{FAE04EC0-301F-11D3-BF4B-00C04F79EFBC}") = "TuIndice", "TuIndice\TuIndice.csproj", "{A745B651-8017-4D67-920E-7F864BD0CF80}"
EndProject
Project("{FAE04EC0-301F-11D3-BF4B-00C04F79EFBC}") = "Entity", "Entity\Entity.csproj", "{84951226-7307-4189-8D1E-6323291015E9}"
EndProject
Global
	GlobalSection(SolutionConfigurationPlatforms) = preSolution
		Debug|Any CPU = Debug|Any CPU
		Release|Any CPU = Release|Any CPU
	EndGlobalSection
	GlobalSection(ProjectConfigurationPlatforms) = postSolution
		{A745B651-8017-4D67-920E-7F864BD0CF80}.Debug|Any CPU.ActiveCfg = Debug|Any CPU
		{A745B651-8017-4D67-920E-7F864BD0CF80}.Debug|Any CPU.Build.0 = Debug|Any CPU
		{A745B651-8017-4D67-920E-7F864BD0CF80}.Release|Any CPU.ActiveCfg = Release|Any CPU
		{A745B651-8017-4D67-920E-7F864BD0CF80}.Release|Any CPU.Build.0 = Release|Any CPU
		{84951226-7307-4189-8D1E-6323291015E9}.Debug|Any CPU.ActiveCfg = Debug|Any CPU
		{84951226-7307-4189-8D1E-6323291015E9}.Debug|Any CPU.Build.0 = Debug|Any CPU
		{84951226-7307-4189-8D1E-6323291015E9}.Release|Any CPU.ActiveCfg = Release|Any CPU
		{84951226-7307-4189-8D1E-6323291015E9}.Release|Any CPU.Build.0 = Release|Any CPU
	EndGlobalSection
	GlobalSection(SolutionProperties) = preSolution
		HideSolutionNode = FALSE
	EndGlobalSection
	GlobalSection(ExtensibilityGlobals) = postSolution
		SolutionGuid = {37B509EF-575F-4D1A-99DB-5B0DB720AB12}
	EndGlobalSection
EndGlobal
